
Microsoft Visual Studio Solution File, Format Version 12.00
# Visual Studio 14
VisualStudioVersion = 14.0.24720.0
MinimumVisualStudioVersion = 10.0.40219.1
Project("{FAE04EC0-301F-11D3-BF4B-00C04F79EFBC}") = "GoudKoortsNisam", "GoudKoortsNisam\GoudKoortsNisam.csproj", "{50175666-EA9F-4A29-94F5-FA31FFF352C0}"
EndProject
Global
	GlobalSection(SolutionConfigurationPlatforms) = preSolution
		Debug|Any CPU = Debug|Any CPU
		Release|Any CPU = Release|Any CPU
	EndGlobalSection
	GlobalSection(ProjectConfigurationPlatforms) = postSolution
		{50175666-EA9F-4A29-94F5-FA31FFF352C0}.Debug|Any CPU.ActiveCfg = Debug|Any CPU
		{50175666-EA9F-4A29-94F5-FA31FFF352C0}.Debug|Any CPU.Build.0 = Debug|Any CPU
		{50175666-EA9F-4A29-94F5-FA31FFF352C0}.Release|Any CPU.ActiveCfg = Release|Any CPU
		{50175666-EA9F-4A29-94F5-FA31FFF352C0}.Release|Any CPU.Build.0 = Release|Any CPU
	EndGlobalSection
	GlobalSection(SolutionProperties) = preSolution
		HideSolutionNode = FALSE
	EndGlobalSection
EndGlobal
